// !$*UTF8*$!
{
	archiveVersion = 1;
	classes = {
	};
	objectVersion = 60;
	objects = {

/* Begin PBXBuildFile section */
		0E073A802C33494B006E8BEC /* StorageSpy.swift in Sources */ = {isa = PBXBuildFile; fileRef = 0E073A7F2C33494B006E8BEC /* StorageSpy.swift */; };
		0E073A832C335479006E8BEC /* FavouritesViewModelTests.swift in Sources */ = {isa = PBXBuildFile; fileRef = 0E073A822C335479006E8BEC /* FavouritesViewModelTests.swift */; };
		0E073A852C33ED17006E8BEC /* ThreadSafeResult.swift in Sources */ = {isa = PBXBuildFile; fileRef = 0E073A842C33ED17006E8BEC /* ThreadSafeResult.swift */; };
		0E073A882C3405A9006E8BEC /* BreedsViewModelTests.swift in Sources */ = {isa = PBXBuildFile; fileRef = 0E073A872C3405A9006E8BEC /* BreedsViewModelTests.swift */; };
		0E073A8A2C3405BB006E8BEC /* BreedImage.swift in Sources */ = {isa = PBXBuildFile; fileRef = 0E073A892C3405BB006E8BEC /* BreedImage.swift */; };
		0E073A8C2C3405D1006E8BEC /* FavouriteBreed.swift in Sources */ = {isa = PBXBuildFile; fileRef = 0E073A8B2C3405D1006E8BEC /* FavouriteBreed.swift */; };
		0E2E9C9D2C33444D00166AFE /* DetailsViewModelTests.swift in Sources */ = {isa = PBXBuildFile; fileRef = 0E2E9C9C2C33444D00166AFE /* DetailsViewModelTests.swift */; };
		0E2E9CA02C33448700166AFE /* ClientSpy.swift in Sources */ = {isa = PBXBuildFile; fileRef = 0E2E9C9F2C33448700166AFE /* ClientSpy.swift */; };
		0E2E9CA22C3345F000166AFE /* TestHelpers.swift in Sources */ = {isa = PBXBuildFile; fileRef = 0E2E9CA12C3345F000166AFE /* TestHelpers.swift */; };
		0E2E9CA42C33475900166AFE /* Network in Frameworks */ = {isa = PBXBuildFile; productRef = 0E2E9CA32C33475900166AFE /* Network */; };
		0E2E9CA62C33476B00166AFE /* Storage in Frameworks */ = {isa = PBXBuildFile; productRef = 0E2E9CA52C33476B00166AFE /* Storage */; };
		0E2E9CA82C33477A00166AFE /* AsyncAlgorithms in Frameworks */ = {isa = PBXBuildFile; productRef = 0E2E9CA72C33477A00166AFE /* AsyncAlgorithms */; };
		0E9078B62C32D48800D024F5 /* CatBreedsApp.swift in Sources */ = {isa = PBXBuildFile; fileRef = 0E9078B52C32D48800D024F5 /* CatBreedsApp.swift */; };
		0E9078BA2C32D48A00D024F5 /* Assets.xcassets in Resources */ = {isa = PBXBuildFile; fileRef = 0E9078B92C32D48A00D024F5 /* Assets.xcassets */; };
		0E9078BD2C32D48A00D024F5 /* Preview Assets.xcassets in Resources */ = {isa = PBXBuildFile; fileRef = 0E9078BC2C32D48A00D024F5 /* Preview Assets.xcassets */; };
		0ECC9ADA2C32E49C00E11E65 /* Config.xcconfig in Resources */ = {isa = PBXBuildFile; fileRef = 0ECC9AD92C32E49C00E11E65 /* Config.xcconfig */; };
		0ECC9AE02C32E77400E11E65 /* FavouritesView.swift in Sources */ = {isa = PBXBuildFile; fileRef = 0ECC9ADF2C32E77400E11E65 /* FavouritesView.swift */; };
		0ECC9AE22C32E77C00E11E65 /* BreedsView.swift in Sources */ = {isa = PBXBuildFile; fileRef = 0ECC9AE12C32E77C00E11E65 /* BreedsView.swift */; };
		0ECC9AE52C32E8AE00E11E65 /* CatBreed.swift in Sources */ = {isa = PBXBuildFile; fileRef = 0ECC9AE42C32E8AE00E11E65 /* CatBreed.swift */; };
		0ECC9AEA2C32F1F500E11E65 /* BreedsViewModel.swift in Sources */ = {isa = PBXBuildFile; fileRef = 0ECC9AE92C32F1F500E11E65 /* BreedsViewModel.swift */; };
		0ECC9AEC2C32F35B00E11E65 /* FavouritesViewModel.swift in Sources */ = {isa = PBXBuildFile; fileRef = 0ECC9AEB2C32F35B00E11E65 /* FavouritesViewModel.swift */; };
		0ECC9AEF2C32F47E00E11E65 /* DetailsView.swift in Sources */ = {isa = PBXBuildFile; fileRef = 0ECC9AEE2C32F47E00E11E65 /* DetailsView.swift */; };
		0ECC9AF12C32F58300E11E65 /* DetailsViewModel.swift in Sources */ = {isa = PBXBuildFile; fileRef = 0ECC9AF02C32F58300E11E65 /* DetailsViewModel.swift */; };
		0ECC9AF42C32FD0400E11E65 /* CatBreedGridItemView.swift in Sources */ = {isa = PBXBuildFile; fileRef = 0ECC9AF32C32FD0400E11E65 /* CatBreedGridItemView.swift */; };
/* End PBXBuildFile section */

/* Begin PBXContainerItemProxy section */
		0E2E9C942C33440A00166AFE /* PBXContainerItemProxy */ = {
			isa = PBXContainerItemProxy;
			containerPortal = 0E9078AA2C32D48800D024F5 /* Project object */;
			proxyType = 1;
			remoteGlobalIDString = 0E9078B12C32D48800D024F5;
			remoteInfo = CatBreeds;
		};
/* End PBXContainerItemProxy section */

/* Begin PBXFileReference section */
		0E073A7F2C33494B006E8BEC /* StorageSpy.swift */ = {isa = PBXFileReference; lastKnownFileType = sourcecode.swift; path = StorageSpy.swift; sourceTree = "<group>"; };
		0E073A822C335479006E8BEC /* FavouritesViewModelTests.swift */ = {isa = PBXFileReference; lastKnownFileType = sourcecode.swift; path = FavouritesViewModelTests.swift; sourceTree = "<group>"; };
		0E073A842C33ED17006E8BEC /* ThreadSafeResult.swift */ = {isa = PBXFileReference; lastKnownFileType = sourcecode.swift; path = ThreadSafeResult.swift; sourceTree = "<group>"; };
		0E073A872C3405A9006E8BEC /* BreedsViewModelTests.swift */ = {isa = PBXFileReference; lastKnownFileType = sourcecode.swift; path = BreedsViewModelTests.swift; sourceTree = "<group>"; };
		0E073A892C3405BB006E8BEC /* BreedImage.swift */ = {isa = PBXFileReference; lastKnownFileType = sourcecode.swift; path = BreedImage.swift; sourceTree = "<group>"; };
		0E073A8B2C3405D1006E8BEC /* FavouriteBreed.swift */ = {isa = PBXFileReference; lastKnownFileType = sourcecode.swift; path = FavouriteBreed.swift; sourceTree = "<group>"; };
		0E0EF4B22C3428100099A445 /* CatBreeds.xctestplan */ = {isa = PBXFileReference; lastKnownFileType = text; path = CatBreeds.xctestplan; sourceTree = "<group>"; };
		0E2E9C902C33440A00166AFE /* CatBreedsTests.xctest */ = {isa = PBXFileReference; explicitFileType = wrapper.cfbundle; includeInIndex = 0; path = CatBreedsTests.xctest; sourceTree = BUILT_PRODUCTS_DIR; };
		0E2E9C9C2C33444D00166AFE /* DetailsViewModelTests.swift */ = {isa = PBXFileReference; lastKnownFileType = sourcecode.swift; path = DetailsViewModelTests.swift; sourceTree = "<group>"; };
		0E2E9C9F2C33448700166AFE /* ClientSpy.swift */ = {isa = PBXFileReference; lastKnownFileType = sourcecode.swift; path = ClientSpy.swift; sourceTree = "<group>"; };
		0E2E9CA12C3345F000166AFE /* TestHelpers.swift */ = {isa = PBXFileReference; lastKnownFileType = sourcecode.swift; path = TestHelpers.swift; sourceTree = "<group>"; };
		0E52027D2C3315660052D734 /* Network */ = {isa = PBXFileReference; lastKnownFileType = wrapper; name = Network; path = ../Packages/Network; sourceTree = "<group>"; };
		0E52027E2C33156C0052D734 /* Storage */ = {isa = PBXFileReference; lastKnownFileType = wrapper; name = Storage; path = ../Packages/Storage; sourceTree = "<group>"; };
		0E9078B22C32D48800D024F5 /* CatBreeds.app */ = {isa = PBXFileReference; explicitFileType = wrapper.application; includeInIndex = 0; path = CatBreeds.app; sourceTree = BUILT_PRODUCTS_DIR; };
		0E9078B52C32D48800D024F5 /* CatBreedsApp.swift */ = {isa = PBXFileReference; lastKnownFileType = sourcecode.swift; path = CatBreedsApp.swift; sourceTree = "<group>"; };
		0E9078B92C32D48A00D024F5 /* Assets.xcassets */ = {isa = PBXFileReference; lastKnownFileType = folder.assetcatalog; path = Assets.xcassets; sourceTree = "<group>"; };
		0E9078BC2C32D48A00D024F5 /* Preview Assets.xcassets */ = {isa = PBXFileReference; lastKnownFileType = folder.assetcatalog; path = "Preview Assets.xcassets"; sourceTree = "<group>"; };
		0ECC9AD92C32E49C00E11E65 /* Config.xcconfig */ = {isa = PBXFileReference; lastKnownFileType = text.xcconfig; path = Config.xcconfig; sourceTree = "<group>"; };
		0ECC9ADB2C32E4B600E11E65 /* Info.plist */ = {isa = PBXFileReference; lastKnownFileType = text.plist; path = Info.plist; sourceTree = "<group>"; };
		0ECC9ADF2C32E77400E11E65 /* FavouritesView.swift */ = {isa = PBXFileReference; lastKnownFileType = sourcecode.swift; path = FavouritesView.swift; sourceTree = "<group>"; };
		0ECC9AE12C32E77C00E11E65 /* BreedsView.swift */ = {isa = PBXFileReference; lastKnownFileType = sourcecode.swift; path = BreedsView.swift; sourceTree = "<group>"; };
		0ECC9AE42C32E8AE00E11E65 /* CatBreed.swift */ = {isa = PBXFileReference; lastKnownFileType = sourcecode.swift; path = CatBreed.swift; sourceTree = "<group>"; };
		0ECC9AE92C32F1F500E11E65 /* BreedsViewModel.swift */ = {isa = PBXFileReference; lastKnownFileType = sourcecode.swift; path = BreedsViewModel.swift; sourceTree = "<group>"; };
		0ECC9AEB2C32F35B00E11E65 /* FavouritesViewModel.swift */ = {isa = PBXFileReference; lastKnownFileType = sourcecode.swift; path = FavouritesViewModel.swift; sourceTree = "<group>"; };
		0ECC9AEE2C32F47E00E11E65 /* DetailsView.swift */ = {isa = PBXFileReference; lastKnownFileType = sourcecode.swift; path = DetailsView.swift; sourceTree = "<group>"; };
		0ECC9AF02C32F58300E11E65 /* DetailsViewModel.swift */ = {isa = PBXFileReference; lastKnownFileType = sourcecode.swift; path = DetailsViewModel.swift; sourceTree = "<group>"; };
		0ECC9AF32C32FD0400E11E65 /* CatBreedGridItemView.swift */ = {isa = PBXFileReference; lastKnownFileType = sourcecode.swift; path = CatBreedGridItemView.swift; sourceTree = "<group>"; };
/* End PBXFileReference section */

/* Begin PBXFrameworksBuildPhase section */
		0E2E9C8D2C33440A00166AFE /* Frameworks */ = {
			isa = PBXFrameworksBuildPhase;
			buildActionMask = 2147483647;
			files = (
			);
			runOnlyForDeploymentPostprocessing = 0;
		};
		0E9078AF2C32D48800D024F5 /* Frameworks */ = {
			isa = PBXFrameworksBuildPhase;
			buildActionMask = 2147483647;
			files = (
				0E2E9CA62C33476B00166AFE /* Storage in Frameworks */,
				0E2E9CA42C33475900166AFE /* Network in Frameworks */,
				0E2E9CA82C33477A00166AFE /* AsyncAlgorithms in Frameworks */,
			);
			runOnlyForDeploymentPostprocessing = 0;
		};
/* End PBXFrameworksBuildPhase section */

/* Begin PBXGroup section */
		0E073A812C335463006E8BEC /* Favourites */ = {
			isa = PBXGroup;
			children = (
				0E073A822C335479006E8BEC /* FavouritesViewModelTests.swift */,
			);
			path = Favourites;
			sourceTree = "<group>";
		};
		0E073A862C34059A006E8BEC /* Breeds */ = {
			isa = PBXGroup;
			children = (
				0E073A872C3405A9006E8BEC /* BreedsViewModelTests.swift */,
			);
			path = Breeds;
			sourceTree = "<group>";
		};
		0E2E9C912C33440A00166AFE /* CatBreedsTests */ = {
			isa = PBXGroup;
			children = (
				0E0EF4B22C3428100099A445 /* CatBreeds.xctestplan */,
				0E2E9C9E2C33447B00166AFE /* Helpers */,
				0E2E9C992C33442000166AFE /* Features */,
			);
			path = CatBreedsTests;
			sourceTree = "<group>";
		};
		0E2E9C992C33442000166AFE /* Features */ = {
			isa = PBXGroup;
			children = (
				0E073A862C34059A006E8BEC /* Breeds */,
				0E2E9C9A2C33443500166AFE /* Details */,
				0E073A812C335463006E8BEC /* Favourites */,
			);
			path = Features;
			sourceTree = "<group>";
		};
		0E2E9C9A2C33443500166AFE /* Details */ = {
			isa = PBXGroup;
			children = (
				0E2E9C9C2C33444D00166AFE /* DetailsViewModelTests.swift */,
			);
			path = Details;
			sourceTree = "<group>";
		};
		0E2E9C9E2C33447B00166AFE /* Helpers */ = {
			isa = PBXGroup;
			children = (
				0E2E9C9F2C33448700166AFE /* ClientSpy.swift */,
				0E2E9CA12C3345F000166AFE /* TestHelpers.swift */,
				0E073A7F2C33494B006E8BEC /* StorageSpy.swift */,
				0E073A842C33ED17006E8BEC /* ThreadSafeResult.swift */,
			);
			path = Helpers;
			sourceTree = "<group>";
		};
		0E9078A92C32D48800D024F5 = {
			isa = PBXGroup;
			children = (
				0E52027E2C33156C0052D734 /* Storage */,
				0E52027D2C3315660052D734 /* Network */,
				0E9078B42C32D48800D024F5 /* CatBreeds */,
				0E2E9C912C33440A00166AFE /* CatBreedsTests */,
				0E9078B32C32D48800D024F5 /* Products */,
			);
			sourceTree = "<group>";
		};
		0E9078B32C32D48800D024F5 /* Products */ = {
			isa = PBXGroup;
			children = (
				0E9078B22C32D48800D024F5 /* CatBreeds.app */,
				0E2E9C902C33440A00166AFE /* CatBreedsTests.xctest */,
			);
			name = Products;
			sourceTree = "<group>";
		};
		0E9078B42C32D48800D024F5 /* CatBreeds */ = {
			isa = PBXGroup;
			children = (
				0ECC9ADB2C32E4B600E11E65 /* Info.plist */,
				0E9078B52C32D48800D024F5 /* CatBreedsApp.swift */,
				0E9078B92C32D48A00D024F5 /* Assets.xcassets */,
				0ECC9AD92C32E49C00E11E65 /* Config.xcconfig */,
				0ECC9ADC2C32E75900E11E65 /* Features */,
				0ECC9AE32C32E8A600E11E65 /* Models */,
				0E9078BB2C32D48A00D024F5 /* Preview Content */,
				0ECC9AF22C32FCF900E11E65 /* Views */,
			);
			path = CatBreeds;
			sourceTree = "<group>";
		};
		0E9078BB2C32D48A00D024F5 /* Preview Content */ = {
			isa = PBXGroup;
			children = (
				0E9078BC2C32D48A00D024F5 /* Preview Assets.xcassets */,
			);
			path = "Preview Content";
			sourceTree = "<group>";
		};
		0ECC9ADC2C32E75900E11E65 /* Features */ = {
			isa = PBXGroup;
			children = (
				0ECC9ADD2C32E76200E11E65 /* Breeds */,
				0ECC9AED2C32F47100E11E65 /* Details */,
				0ECC9ADE2C32E76800E11E65 /* Favourites */,
			);
			path = Features;
			sourceTree = "<group>";
		};
		0ECC9ADD2C32E76200E11E65 /* Breeds */ = {
			isa = PBXGroup;
			children = (
				0ECC9AE12C32E77C00E11E65 /* BreedsView.swift */,
				0ECC9AE92C32F1F500E11E65 /* BreedsViewModel.swift */,
			);
			path = Breeds;
			sourceTree = "<group>";
		};
		0ECC9ADE2C32E76800E11E65 /* Favourites */ = {
			isa = PBXGroup;
			children = (
				0ECC9ADF2C32E77400E11E65 /* FavouritesView.swift */,
				0ECC9AEB2C32F35B00E11E65 /* FavouritesViewModel.swift */,
			);
			path = Favourites;
			sourceTree = "<group>";
		};
		0ECC9AE32C32E8A600E11E65 /* Models */ = {
			isa = PBXGroup;
			children = (
				0E073A892C3405BB006E8BEC /* BreedImage.swift */,
				0ECC9AE42C32E8AE00E11E65 /* CatBreed.swift */,
				0E073A8B2C3405D1006E8BEC /* FavouriteBreed.swift */,
			);
			path = Models;
			sourceTree = "<group>";
		};
		0ECC9AED2C32F47100E11E65 /* Details */ = {
			isa = PBXGroup;
			children = (
				0ECC9AEE2C32F47E00E11E65 /* DetailsView.swift */,
				0ECC9AF02C32F58300E11E65 /* DetailsViewModel.swift */,
			);
			path = Details;
			sourceTree = "<group>";
		};
		0ECC9AF22C32FCF900E11E65 /* Views */ = {
			isa = PBXGroup;
			children = (
				0ECC9AF32C32FD0400E11E65 /* CatBreedGridItemView.swift */,
			);
			path = Views;
			sourceTree = "<group>";
		};
/* End PBXGroup section */

/* Begin PBXNativeTarget section */
		0E2E9C8F2C33440A00166AFE /* CatBreedsTests */ = {
			isa = PBXNativeTarget;
			buildConfigurationList = 0E2E9C962C33440A00166AFE /* Build configuration list for PBXNativeTarget "CatBreedsTests" */;
			buildPhases = (
				0E2E9C8C2C33440A00166AFE /* Sources */,
				0E2E9C8D2C33440A00166AFE /* Frameworks */,
				0E2E9C8E2C33440A00166AFE /* Resources */,
			);
			buildRules = (
			);
			dependencies = (
				0E2E9C952C33440A00166AFE /* PBXTargetDependency */,
			);
			name = CatBreedsTests;
			packageProductDependencies = (
			);
			productName = CatBreedsTests;
			productReference = 0E2E9C902C33440A00166AFE /* CatBreedsTests.xctest */;
			productType = "com.apple.product-type.bundle.unit-test";
		};
		0E9078B12C32D48800D024F5 /* CatBreeds */ = {
			isa = PBXNativeTarget;
			buildConfigurationList = 0E9078C02C32D48A00D024F5 /* Build configuration list for PBXNativeTarget "CatBreeds" */;
			buildPhases = (
				0E9078AE2C32D48800D024F5 /* Sources */,
				0E9078AF2C32D48800D024F5 /* Frameworks */,
				0E9078B02C32D48800D024F5 /* Resources */,
			);
			buildRules = (
			);
			dependencies = (
			);
			name = CatBreeds;
			packageProductDependencies = (
				0E2E9CA32C33475900166AFE /* Network */,
				0E2E9CA52C33476B00166AFE /* Storage */,
				0E2E9CA72C33477A00166AFE /* AsyncAlgorithms */,
			);
			productName = CatBreeds;
			productReference = 0E9078B22C32D48800D024F5 /* CatBreeds.app */;
			productType = "com.apple.product-type.application";
		};
/* End PBXNativeTarget section */

/* Begin PBXProject section */
		0E9078AA2C32D48800D024F5 /* Project object */ = {
			isa = PBXProject;
			attributes = {
				BuildIndependentTargetsInParallel = 1;
				LastSwiftUpdateCheck = 1540;
				LastUpgradeCheck = 1540;
				TargetAttributes = {
					0E2E9C8F2C33440A00166AFE = {
						CreatedOnToolsVersion = 15.4;
						LastSwiftMigration = 1540;
						TestTargetID = 0E9078B12C32D48800D024F5;
					};
					0E9078B12C32D48800D024F5 = {
						CreatedOnToolsVersion = 15.4;
					};
				};
			};
			buildConfigurationList = 0E9078AD2C32D48800D024F5 /* Build configuration list for PBXProject "CatBreeds" */;
			compatibilityVersion = "Xcode 14.0";
			developmentRegion = en;
			hasScannedForEncodings = 0;
			knownRegions = (
				en,
				Base,
			);
			mainGroup = 0E9078A92C32D48800D024F5;
			packageReferences = (
				0ECC9AE62C32EB0200E11E65 /* XCRemoteSwiftPackageReference "swift-async-algorithms" */,
				0E2E9C862C3315B700166AFE /* XCLocalSwiftPackageReference "../Packages/Network" */,
				0E2E9C892C3315CC00166AFE /* XCLocalSwiftPackageReference "../Packages/Storage" */,
			);
			productRefGroup = 0E9078B32C32D48800D024F5 /* Products */;
			projectDirPath = "";
			projectRoot = "";
			targets = (
				0E9078B12C32D48800D024F5 /* CatBreeds */,
				0E2E9C8F2C33440A00166AFE /* CatBreedsTests */,
			);
		};
/* End PBXProject section */

/* Begin PBXResourcesBuildPhase section */
		0E2E9C8E2C33440A00166AFE /* Resources */ = {
			isa = PBXResourcesBuildPhase;
			buildActionMask = 2147483647;
			files = (
			);
			runOnlyForDeploymentPostprocessing = 0;
		};
		0E9078B02C32D48800D024F5 /* Resources */ = {
			isa = PBXResourcesBuildPhase;
			buildActionMask = 2147483647;
			files = (
				0E9078BD2C32D48A00D024F5 /* Preview Assets.xcassets in Resources */,
				0ECC9ADA2C32E49C00E11E65 /* Config.xcconfig in Resources */,
				0E9078BA2C32D48A00D024F5 /* Assets.xcassets in Resources */,
			);
			runOnlyForDeploymentPostprocessing = 0;
		};
/* End PBXResourcesBuildPhase section */

/* Begin PBXSourcesBuildPhase section */
		0E2E9C8C2C33440A00166AFE /* Sources */ = {
			isa = PBXSourcesBuildPhase;
			buildActionMask = 2147483647;
			files = (
				0E073A802C33494B006E8BEC /* StorageSpy.swift in Sources */,
				0E073A852C33ED17006E8BEC /* ThreadSafeResult.swift in Sources */,
				0E073A882C3405A9006E8BEC /* BreedsViewModelTests.swift in Sources */,
				0E073A832C335479006E8BEC /* FavouritesViewModelTests.swift in Sources */,
				0E2E9CA02C33448700166AFE /* ClientSpy.swift in Sources */,
				0E2E9C9D2C33444D00166AFE /* DetailsViewModelTests.swift in Sources */,
				0E2E9CA22C3345F000166AFE /* TestHelpers.swift in Sources */,
			);
			runOnlyForDeploymentPostprocessing = 0;
		};
		0E9078AE2C32D48800D024F5 /* Sources */ = {
			isa = PBXSourcesBuildPhase;
			buildActionMask = 2147483647;
			files = (
				0ECC9AE52C32E8AE00E11E65 /* CatBreed.swift in Sources */,
				0ECC9AEF2C32F47E00E11E65 /* DetailsView.swift in Sources */,
				0ECC9AEA2C32F1F500E11E65 /* BreedsViewModel.swift in Sources */,
				0E073A8C2C3405D1006E8BEC /* FavouriteBreed.swift in Sources */,
				0ECC9AF12C32F58300E11E65 /* DetailsViewModel.swift in Sources */,
				0ECC9AEC2C32F35B00E11E65 /* FavouritesViewModel.swift in Sources */,
				0ECC9AF42C32FD0400E11E65 /* CatBreedGridItemView.swift in Sources */,
				0ECC9AE02C32E77400E11E65 /* FavouritesView.swift in Sources */,
				0E9078B62C32D48800D024F5 /* CatBreedsApp.swift in Sources */,
				0E073A8A2C3405BB006E8BEC /* BreedImage.swift in Sources */,
				0ECC9AE22C32E77C00E11E65 /* BreedsView.swift in Sources */,
			);
			runOnlyForDeploymentPostprocessing = 0;
		};
/* End PBXSourcesBuildPhase section */

/* Begin PBXTargetDependency section */
		0E2E9C952C33440A00166AFE /* PBXTargetDependency */ = {
			isa = PBXTargetDependency;
			target = 0E9078B12C32D48800D024F5 /* CatBreeds */;
			targetProxy = 0E2E9C942C33440A00166AFE /* PBXContainerItemProxy */;
		};
/* End PBXTargetDependency section */

/* Begin XCBuildConfiguration section */
		0E2E9C972C33440A00166AFE /* Debug */ = {
			isa = XCBuildConfiguration;
			buildSettings = {
				BUNDLE_LOADER = "$(TEST_HOST)";
				CLANG_ENABLE_MODULES = YES;
				CODE_SIGN_STYLE = Automatic;
				CURRENT_PROJECT_VERSION = 1;
				DEVELOPMENT_TEAM = Q392V6PQKS;
				GENERATE_INFOPLIST_FILE = YES;
				MARKETING_VERSION = 1.0;
				PRODUCT_BUNDLE_IDENTIFIER = com.filipeavssantos.CatBreedsTests;
				PRODUCT_NAME = "$(TARGET_NAME)";
				SWIFT_EMIT_LOC_STRINGS = NO;
				SWIFT_OPTIMIZATION_LEVEL = "-Onone";
				SWIFT_VERSION = 5.0;
				TARGETED_DEVICE_FAMILY = "1,2";
				TEST_HOST = "$(BUILT_PRODUCTS_DIR)/CatBreeds.app/$(BUNDLE_EXECUTABLE_FOLDER_PATH)/CatBreeds";
			};
			name = Debug;
		};
		0E2E9C982C33440A00166AFE /* Release */ = {
			isa = XCBuildConfiguration;
			buildSettings = {
				BUNDLE_LOADER = "$(TEST_HOST)";
				CLANG_ENABLE_MODULES = YES;
				CODE_SIGN_STYLE = Automatic;
				CURRENT_PROJECT_VERSION = 1;
				DEVELOPMENT_TEAM = Q392V6PQKS;
				GENERATE_INFOPLIST_FILE = YES;
				MARKETING_VERSION = 1.0;
				PRODUCT_BUNDLE_IDENTIFIER = com.filipeavssantos.CatBreedsTests;
				PRODUCT_NAME = "$(TARGET_NAME)";
				SWIFT_EMIT_LOC_STRINGS = NO;
				SWIFT_VERSION = 5.0;
				TARGETED_DEVICE_FAMILY = "1,2";
				TEST_HOST = "$(BUILT_PRODUCTS_DIR)/CatBreeds.app/$(BUNDLE_EXECUTABLE_FOLDER_PATH)/CatBreeds";
			};
			name = Release;
		};
		0E9078BE2C32D48A00D024F5 /* Debug */ = {
			isa = XCBuildConfiguration;
			buildSettings = {
				ALWAYS_SEARCH_USER_PATHS = NO;
				ASSETCATALOG_COMPILER_GENERATE_SWIFT_ASSET_SYMBOL_EXTENSIONS = YES;
				CLANG_ANALYZER_NONNULL = YES;
				CLANG_ANALYZER_NUMBER_OBJECT_CONVERSION = YES_AGGRESSIVE;
				CLANG_CXX_LANGUAGE_STANDARD = "gnu++20";
				CLANG_ENABLE_MODULES = YES;
				CLANG_ENABLE_OBJC_ARC = YES;
				CLANG_ENABLE_OBJC_WEAK = YES;
				CLANG_WARN_BLOCK_CAPTURE_AUTORELEASING = YES;
				CLANG_WARN_BOOL_CONVERSION = YES;
				CLANG_WARN_COMMA = YES;
				CLANG_WARN_CONSTANT_CONVERSION = YES;
				CLANG_WARN_DEPRECATED_OBJC_IMPLEMENTATIONS = YES;
				CLANG_WARN_DIRECT_OBJC_ISA_USAGE = YES_ERROR;
				CLANG_WARN_DOCUMENTATION_COMMENTS = YES;
				CLANG_WARN_EMPTY_BODY = YES;
				CLANG_WARN_ENUM_CONVERSION = YES;
				CLANG_WARN_INFINITE_RECURSION = YES;
				CLANG_WARN_INT_CONVERSION = YES;
				CLANG_WARN_NON_LITERAL_NULL_CONVERSION = YES;
				CLANG_WARN_OBJC_IMPLICIT_RETAIN_SELF = YES;
				CLANG_WARN_OBJC_LITERAL_CONVERSION = YES;
				CLANG_WARN_OBJC_ROOT_CLASS = YES_ERROR;
				CLANG_WARN_QUOTED_INCLUDE_IN_FRAMEWORK_HEADER = YES;
				CLANG_WARN_RANGE_LOOP_ANALYSIS = YES;
				CLANG_WARN_STRICT_PROTOTYPES = YES;
				CLANG_WARN_SUSPICIOUS_MOVE = YES;
				CLANG_WARN_UNGUARDED_AVAILABILITY = YES_AGGRESSIVE;
				CLANG_WARN_UNREACHABLE_CODE = YES;
				CLANG_WARN__DUPLICATE_METHOD_MATCH = YES;
				COPY_PHASE_STRIP = NO;
				DEBUG_INFORMATION_FORMAT = dwarf;
				ENABLE_STRICT_OBJC_MSGSEND = YES;
				ENABLE_TESTABILITY = YES;
				ENABLE_USER_SCRIPT_SANDBOXING = YES;
				GCC_C_LANGUAGE_STANDARD = gnu17;
				GCC_DYNAMIC_NO_PIC = NO;
				GCC_NO_COMMON_BLOCKS = YES;
				GCC_OPTIMIZATION_LEVEL = 0;
				GCC_PREPROCESSOR_DEFINITIONS = (
					"DEBUG=1",
					"$(inherited)",
				);
				GCC_WARN_64_TO_32_BIT_CONVERSION = YES;
				GCC_WARN_ABOUT_RETURN_TYPE = YES_ERROR;
				GCC_WARN_UNDECLARED_SELECTOR = YES;
				GCC_WARN_UNINITIALIZED_AUTOS = YES_AGGRESSIVE;
				GCC_WARN_UNUSED_FUNCTION = YES;
				GCC_WARN_UNUSED_VARIABLE = YES;
				IPHONEOS_DEPLOYMENT_TARGET = 17.5;
				LOCALIZATION_PREFERS_STRING_CATALOGS = YES;
				MTL_ENABLE_DEBUG_INFO = INCLUDE_SOURCE;
				MTL_FAST_MATH = YES;
				ONLY_ACTIVE_ARCH = YES;
				SDKROOT = iphoneos;
				SWIFT_ACTIVE_COMPILATION_CONDITIONS = "DEBUG $(inherited)";
				SWIFT_OPTIMIZATION_LEVEL = "-Onone";
			};
			name = Debug;
		};
		0E9078BF2C32D48A00D024F5 /* Release */ = {
			isa = XCBuildConfiguration;
			buildSettings = {
				ALWAYS_SEARCH_USER_PATHS = NO;
				ASSETCATALOG_COMPILER_GENERATE_SWIFT_ASSET_SYMBOL_EXTENSIONS = YES;
				CLANG_ANALYZER_NONNULL = YES;
				CLANG_ANALYZER_NUMBER_OBJECT_CONVERSION = YES_AGGRESSIVE;
				CLANG_CXX_LANGUAGE_STANDARD = "gnu++20";
				CLANG_ENABLE_MODULES = YES;
				CLANG_ENABLE_OBJC_ARC = YES;
				CLANG_ENABLE_OBJC_WEAK = YES;
				CLANG_WARN_BLOCK_CAPTURE_AUTORELEASING = YES;
				CLANG_WARN_BOOL_CONVERSION = YES;
				CLANG_WARN_COMMA = YES;
				CLANG_WARN_CONSTANT_CONVERSION = YES;
				CLANG_WARN_DEPRECATED_OBJC_IMPLEMENTATIONS = YES;
				CLANG_WARN_DIRECT_OBJC_ISA_USAGE = YES_ERROR;
				CLANG_WARN_DOCUMENTATION_COMMENTS = YES;
				CLANG_WARN_EMPTY_BODY = YES;
				CLANG_WARN_ENUM_CONVERSION = YES;
				CLANG_WARN_INFINITE_RECURSION = YES;
				CLANG_WARN_INT_CONVERSION = YES;
				CLANG_WARN_NON_LITERAL_NULL_CONVERSION = YES;
				CLANG_WARN_OBJC_IMPLICIT_RETAIN_SELF = YES;
				CLANG_WARN_OBJC_LITERAL_CONVERSION = YES;
				CLANG_WARN_OBJC_ROOT_CLASS = YES_ERROR;
				CLANG_WARN_QUOTED_INCLUDE_IN_FRAMEWORK_HEADER = YES;
				CLANG_WARN_RANGE_LOOP_ANALYSIS = YES;
				CLANG_WARN_STRICT_PROTOTYPES = YES;
				CLANG_WARN_SUSPICIOUS_MOVE = YES;
				CLANG_WARN_UNGUARDED_AVAILABILITY = YES_AGGRESSIVE;
				CLANG_WARN_UNREACHABLE_CODE = YES;
				CLANG_WARN__DUPLICATE_METHOD_MATCH = YES;
				COPY_PHASE_STRIP = NO;
				DEBUG_INFORMATION_FORMAT = "dwarf-with-dsym";
				ENABLE_NS_ASSERTIONS = NO;
				ENABLE_STRICT_OBJC_MSGSEND = YES;
				ENABLE_USER_SCRIPT_SANDBOXING = YES;
				GCC_C_LANGUAGE_STANDARD = gnu17;
				GCC_NO_COMMON_BLOCKS = YES;
				GCC_WARN_64_TO_32_BIT_CONVERSION = YES;
				GCC_WARN_ABOUT_RETURN_TYPE = YES_ERROR;
				GCC_WARN_UNDECLARED_SELECTOR = YES;
				GCC_WARN_UNINITIALIZED_AUTOS = YES_AGGRESSIVE;
				GCC_WARN_UNUSED_FUNCTION = YES;
				GCC_WARN_UNUSED_VARIABLE = YES;
				IPHONEOS_DEPLOYMENT_TARGET = 17.5;
				LOCALIZATION_PREFERS_STRING_CATALOGS = YES;
				MTL_ENABLE_DEBUG_INFO = NO;
				MTL_FAST_MATH = YES;
				SDKROOT = iphoneos;
				SWIFT_COMPILATION_MODE = wholemodule;
				VALIDATE_PRODUCT = YES;
			};
			name = Release;
		};
		0E9078C12C32D48A00D024F5 /* Debug */ = {
			isa = XCBuildConfiguration;
			baseConfigurationReference = 0ECC9AD92C32E49C00E11E65 /* Config.xcconfig */;
			buildSettings = {
				ASSETCATALOG_COMPILER_APPICON_NAME = AppIcon;
				ASSETCATALOG_COMPILER_GLOBAL_ACCENT_COLOR_NAME = AccentColor;
				CODE_SIGN_STYLE = Automatic;
				CURRENT_PROJECT_VERSION = 1;
				DEVELOPMENT_ASSET_PATHS = "\"CatBreeds/Preview Content\"";
				DEVELOPMENT_TEAM = Q392V6PQKS;
				ENABLE_PREVIEWS = YES;
				GENERATE_INFOPLIST_FILE = YES;
				INFOPLIST_FILE = CatBreeds/Info.plist;
				INFOPLIST_KEY_UIApplicationSceneManifest_Generation = YES;
				INFOPLIST_KEY_UIApplicationSupportsIndirectInputEvents = YES;
				INFOPLIST_KEY_UILaunchScreen_Generation = YES;
				INFOPLIST_KEY_UISupportedInterfaceOrientations_iPad = "UIInterfaceOrientationPortrait UIInterfaceOrientationPortraitUpsideDown UIInterfaceOrientationLandscapeLeft UIInterfaceOrientationLandscapeRight";
				INFOPLIST_KEY_UISupportedInterfaceOrientations_iPhone = "UIInterfaceOrientationPortrait UIInterfaceOrientationLandscapeLeft UIInterfaceOrientationLandscapeRight";
				LD_RUNPATH_SEARCH_PATHS = (
					"$(inherited)",
					"@executable_path/Frameworks",
				);
				MARKETING_VERSION = 1.0;
				PRODUCT_BUNDLE_IDENTIFIER = com.filipeavssantos.CatBreeds;
				PRODUCT_NAME = "$(TARGET_NAME)";
				SWIFT_EMIT_LOC_STRINGS = YES;
				SWIFT_VERSION = 5.0;
				TARGETED_DEVICE_FAMILY = "1,2";
			};
			name = Debug;
		};
		0E9078C22C32D48A00D024F5 /* Release */ = {
			isa = XCBuildConfiguration;
			baseConfigurationReference = 0ECC9AD92C32E49C00E11E65 /* Config.xcconfig */;
			buildSettings = {
				ASSETCATALOG_COMPILER_APPICON_NAME = AppIcon;
				ASSETCATALOG_COMPILER_GLOBAL_ACCENT_COLOR_NAME = AccentColor;
				CODE_SIGN_STYLE = Automatic;
				CURRENT_PROJECT_VERSION = 1;
				DEVELOPMENT_ASSET_PATHS = "\"CatBreeds/Preview Content\"";
				DEVELOPMENT_TEAM = Q392V6PQKS;
				ENABLE_PREVIEWS = YES;
				GENERATE_INFOPLIST_FILE = YES;
				INFOPLIST_FILE = CatBreeds/Info.plist;
				INFOPLIST_KEY_UIApplicationSceneManifest_Generation = YES;
				INFOPLIST_KEY_UIApplicationSupportsIndirectInputEvents = YES;
				INFOPLIST_KEY_UILaunchScreen_Generation = YES;
				INFOPLIST_KEY_UISupportedInterfaceOrientations_iPad = "UIInterfaceOrientationPortrait UIInterfaceOrientationPortraitUpsideDown UIInterfaceOrientationLandscapeLeft UIInterfaceOrientationLandscapeRight";
				INFOPLIST_KEY_UISupportedInterfaceOrientations_iPhone = "UIInterfaceOrientationPortrait UIInterfaceOrientationLandscapeLeft UIInterfaceOrientationLandscapeRight";
				LD_RUNPATH_SEARCH_PATHS = (
					"$(inherited)",
					"@executable_path/Frameworks",
				);
				MARKETING_VERSION = 1.0;
				PRODUCT_BUNDLE_IDENTIFIER = com.filipeavssantos.CatBreeds;
				PRODUCT_NAME = "$(TARGET_NAME)";
				SWIFT_EMIT_LOC_STRINGS = YES;
				SWIFT_VERSION = 5.0;
				TARGETED_DEVICE_FAMILY = "1,2";
			};
			name = Release;
		};
/* End XCBuildConfiguration section */

/* Begin XCConfigurationList section */
		0E2E9C962C33440A00166AFE /* Build configuration list for PBXNativeTarget "CatBreedsTests" */ = {
			isa = XCConfigurationList;
			buildConfigurations = (
				0E2E9C972C33440A00166AFE /* Debug */,
				0E2E9C982C33440A00166AFE /* Release */,
			);
			defaultConfigurationIsVisible = 0;
			defaultConfigurationName = Release;
		};
		0E9078AD2C32D48800D024F5 /* Build configuration list for PBXProject "CatBreeds" */ = {
			isa = XCConfigurationList;
			buildConfigurations = (
				0E9078BE2C32D48A00D024F5 /* Debug */,
				0E9078BF2C32D48A00D024F5 /* Release */,
			);
			defaultConfigurationIsVisible = 0;
			defaultConfigurationName = Release;
		};
		0E9078C02C32D48A00D024F5 /* Build configuration list for PBXNativeTarget "CatBreeds" */ = {
			isa = XCConfigurationList;
			buildConfigurations = (
				0E9078C12C32D48A00D024F5 /* Debug */,
				0E9078C22C32D48A00D024F5 /* Release */,
			);
			defaultConfigurationIsVisible = 0;
			defaultConfigurationName = Release;
		};
/* End XCConfigurationList section */

/* Begin XCLocalSwiftPackageReference section */
		0E2E9C862C3315B700166AFE /* XCLocalSwiftPackageReference "../Packages/Network" */ = {
			isa = XCLocalSwiftPackageReference;
			relativePath = ../Packages/Network;
		};
		0E2E9C892C3315CC00166AFE /* XCLocalSwiftPackageReference "../Packages/Storage" */ = {
			isa = XCLocalSwiftPackageReference;
			relativePath = ../Packages/Storage;
		};
/* End XCLocalSwiftPackageReference section */

/* Begin XCRemoteSwiftPackageReference section */
		0ECC9AE62C32EB0200E11E65 /* XCRemoteSwiftPackageReference "swift-async-algorithms" */ = {
			isa = XCRemoteSwiftPackageReference;
			repositoryURL = "https://github.com/apple/swift-async-algorithms.git";
			requirement = {
				kind = upToNextMajorVersion;
				minimumVersion = 1.0.1;
			};
		};
/* End XCRemoteSwiftPackageReference section */

/* Begin XCSwiftPackageProductDependency section */
		0E2E9CA32C33475900166AFE /* Network */ = {
			isa = XCSwiftPackageProductDependency;
			productName = Network;
		};
		0E2E9CA52C33476B00166AFE /* Storage */ = {
			isa = XCSwiftPackageProductDependency;
			productName = Storage;
		};
		0E2E9CA72C33477A00166AFE /* AsyncAlgorithms */ = {
			isa = XCSwiftPackageProductDependency;
			package = 0ECC9AE62C32EB0200E11E65 /* XCRemoteSwiftPackageReference "swift-async-algorithms" */;
			productName = AsyncAlgorithms;
		};
/* End XCSwiftPackageProductDependency section */
	};
	rootObject = 0E9078AA2C32D48800D024F5 /* Project object */;
}
